
Microsoft Visual Studio Solution File, Format Version 12.00
# Visual Studio Version 17
VisualStudioVersion = 17.4.33213.308
MinimumVisualStudioVersion = 10.0.40219.1
Project("{FAE04EC0-301F-11D3-BF4B-00C04F79EFBC}") = "Calculator_1", "Calculator_1\Calculator_1.csproj", "{F7014A21-1E16-44B3-9FEA-0DFC75B1C300}"
EndProject
Project("{FAE04EC0-301F-11D3-BF4B-00C04F79EFBC}") = "Calculator_2", "Calculator_2\Calculator_2.csproj", "{EC7B38A4-B34A-408E-A95E-F31A114E42B5}"
EndProject
Global
	GlobalSection(SolutionConfigurationPlatforms) = preSolution
		Debug|Any CPU = Debug|Any CPU
		Release|Any CPU = Release|Any CPU
	EndGlobalSection
	GlobalSection(ProjectConfigurationPlatforms) = postSolution
		{F7014A21-1E16-44B3-9FEA-0DFC75B1C300}.Debug|Any CPU.ActiveCfg = Debug|Any CPU
		{F7014A21-1E16-44B3-9FEA-0DFC75B1C300}.Debug|Any CPU.Build.0 = Debug|Any CPU
		{F7014A21-1E16-44B3-9FEA-0DFC75B1C300}.Release|Any CPU.ActiveCfg = Release|Any CPU
		{F7014A21-1E16-44B3-9FEA-0DFC75B1C300}.Release|Any CPU.Build.0 = Release|Any CPU
		{EC7B38A4-B34A-408E-A95E-F31A114E42B5}.Debug|Any CPU.ActiveCfg = Debug|Any CPU
		{EC7B38A4-B34A-408E-A95E-F31A114E42B5}.Debug|Any CPU.Build.0 = Debug|Any CPU
		{EC7B38A4-B34A-408E-A95E-F31A114E42B5}.Release|Any CPU.ActiveCfg = Release|Any CPU
		{EC7B38A4-B34A-408E-A95E-F31A114E42B5}.Release|Any CPU.Build.0 = Release|Any CPU
	EndGlobalSection
	GlobalSection(SolutionProperties) = preSolution
		HideSolutionNode = FALSE
	EndGlobalSection
	GlobalSection(ExtensibilityGlobals) = postSolution
		SolutionGuid = {D36D1849-D557-4EFB-97B9-8F8559207E37}
	EndGlobalSection
EndGlobal
